
Microsoft Visual Studio Solution File, Format Version 12.00
# Visual Studio Version 16
VisualStudioVersion = 16.0.31105.61
MinimumVisualStudioVersion = 10.0.40219.1
Project("{FAE04EC0-301F-11D3-BF4B-00C04F79EFBC}") = "DnDeck", "DnDeck\DnDeck.csproj", "{046D0056-83B5-494F-AA44-3D99CFA2126C}"
EndProject
Project("{FAE04EC0-301F-11D3-BF4B-00C04F79EFBC}") = "PdfPrinter", "PdfPrinter\PdfPrinter.csproj", "{32CEE002-4F36-4134-A72E-632A12C45C05}"
EndProject
Global
	GlobalSection(SolutionConfigurationPlatforms) = preSolution
		Debug|Any CPU = Debug|Any CPU
		Release|Any CPU = Release|Any CPU
	EndGlobalSection
	GlobalSection(ProjectConfigurationPlatforms) = postSolution
		{046D0056-83B5-494F-AA44-3D99CFA2126C}.Debug|Any CPU.ActiveCfg = Debug|Any CPU
		{046D0056-83B5-494F-AA44-3D99CFA2126C}.Debug|Any CPU.Build.0 = Debug|Any CPU
		{046D0056-83B5-494F-AA44-3D99CFA2126C}.Release|Any CPU.ActiveCfg = Release|Any CPU
		{046D0056-83B5-494F-AA44-3D99CFA2126C}.Release|Any CPU.Build.0 = Release|Any CPU
		{32CEE002-4F36-4134-A72E-632A12C45C05}.Debug|Any CPU.ActiveCfg = Debug|Any CPU
		{32CEE002-4F36-4134-A72E-632A12C45C05}.Debug|Any CPU.Build.0 = Debug|Any CPU
		{32CEE002-4F36-4134-A72E-632A12C45C05}.Release|Any CPU.ActiveCfg = Release|Any CPU
		{32CEE002-4F36-4134-A72E-632A12C45C05}.Release|Any CPU.Build.0 = Release|Any CPU
	EndGlobalSection
	GlobalSection(SolutionProperties) = preSolution
		HideSolutionNode = FALSE
	EndGlobalSection
	GlobalSection(ExtensibilityGlobals) = postSolution
		SolutionGuid = {410119C5-07EE-4463-B668-F16DB1F51764}
	EndGlobalSection
EndGlobal
